
Microsoft Visual Studio Solution File, Format Version 12.00
# Visual Studio Version 16
VisualStudioVersion = 16.0.30114.105
MinimumVisualStudioVersion = 10.0.40219.1
Project("{2150E333-8FDC-42A3-9474-1A3956D46DE8}") = "src", "src", "{35C9B381-949B-4C48-AE72-8FC601B5CD9F}"
EndProject
Project("{FAE04EC0-301F-11D3-BF4B-00C04F79EFBC}") = "ComputerGraphics.Common", "src\ComputerGraphics.Common\ComputerGraphics.Common.csproj", "{1727458F-7E2F-444E-B7E1-C3086FE190A3}"
EndProject
Project("{FAE04EC0-301F-11D3-BF4B-00C04F79EFBC}") = "ComputerGraphics.ClothSimulation", "src\ComputerGraphics.ClothSimulation\ComputerGraphics.ClothSimulation.csproj", "{712D0A6D-4AD0-4E3A-A24E-5DD9E6D870EE}"
EndProject
Global
	GlobalSection(SolutionConfigurationPlatforms) = preSolution
		Debug|Any CPU = Debug|Any CPU
		Release|Any CPU = Release|Any CPU
	EndGlobalSection
	GlobalSection(SolutionProperties) = preSolution
		HideSolutionNode = FALSE
	EndGlobalSection
	GlobalSection(ProjectConfigurationPlatforms) = postSolution
		{1727458F-7E2F-444E-B7E1-C3086FE190A3}.Debug|Any CPU.ActiveCfg = Debug|Any CPU
		{1727458F-7E2F-444E-B7E1-C3086FE190A3}.Debug|Any CPU.Build.0 = Debug|Any CPU
		{1727458F-7E2F-444E-B7E1-C3086FE190A3}.Release|Any CPU.ActiveCfg = Release|Any CPU
		{1727458F-7E2F-444E-B7E1-C3086FE190A3}.Release|Any CPU.Build.0 = Release|Any CPU
		{712D0A6D-4AD0-4E3A-A24E-5DD9E6D870EE}.Debug|Any CPU.ActiveCfg = Debug|Any CPU
		{712D0A6D-4AD0-4E3A-A24E-5DD9E6D870EE}.Debug|Any CPU.Build.0 = Debug|Any CPU
		{712D0A6D-4AD0-4E3A-A24E-5DD9E6D870EE}.Release|Any CPU.ActiveCfg = Release|Any CPU
		{712D0A6D-4AD0-4E3A-A24E-5DD9E6D870EE}.Release|Any CPU.Build.0 = Release|Any CPU
	EndGlobalSection
	GlobalSection(NestedProjects) = preSolution
		{1727458F-7E2F-444E-B7E1-C3086FE190A3} = {35C9B381-949B-4C48-AE72-8FC601B5CD9F}
		{712D0A6D-4AD0-4E3A-A24E-5DD9E6D870EE} = {35C9B381-949B-4C48-AE72-8FC601B5CD9F}
	EndGlobalSection
EndGlobal
